
Microsoft Visual Studio Solution File, Format Version 12.00
# Visual Studio 15
VisualStudioVersion = 15.0.28307.572
MinimumVisualStudioVersion = 10.0.40219.1
Project("{FAE04EC0-301F-11D3-BF4B-00C04F79EFBC}") = "TailwindTraders.Rewards.Website", "Website\TailwindTraders.Rewards.Website.csproj", "{95C4F2BE-6813-4834-8F0F-4BE1113DFC4A}"
EndProject
Project("{E53339B2-1760-4266-BCC7-CA923CBCF16C}") = "docker-compose", "docker-compose.dcproj", "{1898BAA3-27D6-423A-AB4D-ADB3E8090B4B}"
EndProject
Global
	GlobalSection(SolutionConfigurationPlatforms) = preSolution
		Debug|Any CPU = Debug|Any CPU
		Release|Any CPU = Release|Any CPU
	EndGlobalSection
	GlobalSection(ProjectConfigurationPlatforms) = postSolution
		{95C4F2BE-6813-4834-8F0F-4BE1113DFC4A}.Debug|Any CPU.ActiveCfg = Debug|Any CPU
		{95C4F2BE-6813-4834-8F0F-4BE1113DFC4A}.Debug|Any CPU.Build.0 = Debug|Any CPU
		{95C4F2BE-6813-4834-8F0F-4BE1113DFC4A}.Release|Any CPU.ActiveCfg = Release|Any CPU
		{95C4F2BE-6813-4834-8F0F-4BE1113DFC4A}.Release|Any CPU.Build.0 = Release|Any CPU
		{1898BAA3-27D6-423A-AB4D-ADB3E8090B4B}.Debug|Any CPU.ActiveCfg = Debug|Any CPU
		{1898BAA3-27D6-423A-AB4D-ADB3E8090B4B}.Debug|Any CPU.Build.0 = Debug|Any CPU
		{1898BAA3-27D6-423A-AB4D-ADB3E8090B4B}.Release|Any CPU.ActiveCfg = Release|Any CPU
		{1898BAA3-27D6-423A-AB4D-ADB3E8090B4B}.Release|Any CPU.Build.0 = Release|Any CPU
	EndGlobalSection
	GlobalSection(SolutionProperties) = preSolution
		HideSolutionNode = FALSE
	EndGlobalSection
	GlobalSection(ExtensibilityGlobals) = postSolution
		SolutionGuid = {DF690F81-3280-4EE6-850A-A115EA75F9FA}
	EndGlobalSection
EndGlobal
